
Microsoft Visual Studio Solution File, Format Version 12.00
# Visual Studio Version 16
VisualStudioVersion = 16.0.29613.14
MinimumVisualStudioVersion = 10.0.40219.1
Project("{9A19103F-16F7-4668-BE54-9A1E7A4F7556}") = "HueLib", "HueLib\HueLib.csproj", "{F9ADC9F9-6F61-4141-B6C6-093A6B195D1D}"
EndProject
Project("{9A19103F-16F7-4668-BE54-9A1E7A4F7556}") = "ConsoleTestHarness", "ConsoleTestHarness\ConsoleTestHarness.csproj", "{F00837D0-C7AF-49CF-87F3-6201241C5E75}"
EndProject
Global
	GlobalSection(SolutionConfigurationPlatforms) = preSolution
		Debug|Any CPU = Debug|Any CPU
		Release|Any CPU = Release|Any CPU
	EndGlobalSection
	GlobalSection(ProjectConfigurationPlatforms) = postSolution
		{F9ADC9F9-6F61-4141-B6C6-093A6B195D1D}.Debug|Any CPU.ActiveCfg = Debug|Any CPU
		{F9ADC9F9-6F61-4141-B6C6-093A6B195D1D}.Debug|Any CPU.Build.0 = Debug|Any CPU
		{F9ADC9F9-6F61-4141-B6C6-093A6B195D1D}.Release|Any CPU.ActiveCfg = Release|Any CPU
		{F9ADC9F9-6F61-4141-B6C6-093A6B195D1D}.Release|Any CPU.Build.0 = Release|Any CPU
		{F00837D0-C7AF-49CF-87F3-6201241C5E75}.Debug|Any CPU.ActiveCfg = Debug|Any CPU
		{F00837D0-C7AF-49CF-87F3-6201241C5E75}.Debug|Any CPU.Build.0 = Debug|Any CPU
		{F00837D0-C7AF-49CF-87F3-6201241C5E75}.Release|Any CPU.ActiveCfg = Release|Any CPU
		{F00837D0-C7AF-49CF-87F3-6201241C5E75}.Release|Any CPU.Build.0 = Release|Any CPU
	EndGlobalSection
	GlobalSection(SolutionProperties) = preSolution
		HideSolutionNode = FALSE
	EndGlobalSection
	GlobalSection(ExtensibilityGlobals) = postSolution
		SolutionGuid = {8888C512-1226-4F11-9571-D409A673B019}
	EndGlobalSection
EndGlobal
